
Microsoft Visual Studio Solution File, Format Version 12.00
# Visual Studio 2013
VisualStudioVersion = 12.0.21005.1
MinimumVisualStudioVersion = 10.0.40219.1
Project("{FAE04EC0-301F-11D3-BF4B-00C04F79EFBC}") = "MultiMiner.Xgminer", "MultiMiner.Xgminer\MultiMiner.Xgminer.csproj", "{0DBEF993-1B34-4D80-AB6A-F662604325DC}"
EndProject
Project("{FAE04EC0-301F-11D3-BF4B-00C04F79EFBC}") = "MultiMiner.Engine", "MultiMiner.Engine\MultiMiner.Engine.csproj", "{845687BB-EC47-46D3-AC9D-6FCFB63DE8F5}"
EndProject
Project("{FAE04EC0-301F-11D3-BF4B-00C04F79EFBC}") = "MultiMiner.Win", "MultiMiner.Win\MultiMiner.Win.csproj", "{E9F8076E-217A-4720-975E-75B7BE8446A9}"
EndProject
Project("{FAE04EC0-301F-11D3-BF4B-00C04F79EFBC}") = "MultiMiner.Xgminer.Api", "MultiMiner.Xgminer.Api\MultiMiner.Xgminer.Api.csproj", "{5B43AD9D-8B67-4AA8-B76D-AA83CAF9D29F}"
EndProject
Project("{FAE04EC0-301F-11D3-BF4B-00C04F79EFBC}") = "MultiMiner.CoinChoose.Api", "MultiMiner.Coinchoose.Api\MultiMiner.CoinChoose.Api.csproj", "{D9B3F627-CB7A-454C-AF8F-70C8FB584553}"
EndProject
Project("{FAE04EC0-301F-11D3-BF4B-00C04F79EFBC}") = "MultiMiner.Xgminer.Tests", "MultiMiner.Xgminer.Tests\MultiMiner.Xgminer.Tests.csproj", "{E0A458B9-121F-486F-8F26-988A8D4DCD47}"
EndProject
Project("{FAE04EC0-301F-11D3-BF4B-00C04F79EFBC}") = "MultiMiner.Xgminer.Api.Tests", "MultiMiner.Xgminer.Api.Tests\MultiMiner.Xgminer.Api.Tests.csproj", "{E9C9606A-2281-4127-B25C-7449B979421B}"
EndProject
Project("{FAE04EC0-301F-11D3-BF4B-00C04F79EFBC}") = "MultiMiner.CoinChoose.Api.Tests", "MultiMiner.Coinchoose.Api.Tests\MultiMiner.CoinChoose.Api.Tests.csproj", "{09B979B4-36E9-408D-807E-30020A35E859}"
EndProject
Project("{FAE04EC0-301F-11D3-BF4B-00C04F79EFBC}") = "MultiMiner.MobileMiner.Api", "MultiMiner.MobileMiner.Api\MultiMiner.MobileMiner.Api.csproj", "{70622816-5853-4470-9432-9ACDA2E96089}"
EndProject
Project("{FAE04EC0-301F-11D3-BF4B-00C04F79EFBC}") = "MultiMiner.Api.Example", "MultiMiner.Api.Example\MultiMiner.Api.Example.csproj", "{47C6A5A1-35AB-40E5-995C-4F957691EC60}"
EndProject
Project("{FAE04EC0-301F-11D3-BF4B-00C04F79EFBC}") = "MultiMiner.Update", "MultiMiner.Update\MultiMiner.Update.csproj", "{C647E4FB-B5CF-43AC-9884-6ABF9F02E045}"
EndProject
Project("{FAE04EC0-301F-11D3-BF4B-00C04F79EFBC}") = "MultiMiner.Utility", "MultiMiner.Utility\MultiMiner.Utility.csproj", "{99B0F266-EFF7-4416-8C36-8356396A11CA}"
EndProject
Project("{FAE04EC0-301F-11D3-BF4B-00C04F79EFBC}") = "MultiMiner.CoinWarz.Api", "MultiMiner.CoinWarz.Api\MultiMiner.CoinWarz.Api.csproj", "{5B2B2592-689A-4DE2-815C-259427A3D101}"
EndProject
Project("{FAE04EC0-301F-11D3-BF4B-00C04F79EFBC}") = "MultiMiner.Coin.Api", "MultiMiner.Coin.Api\MultiMiner.Coin.Api.csproj", "{9E86F77A-68B9-4D72-82D2-855878BA8CB1}"
EndProject
Project("{2150E333-8FDC-42A3-9474-1A3956D46DE8}") = "Solution Items", "Solution Items", "{B61C67E8-898E-469C-BA76-42A2B9C6B9BE}"
	ProjectSection(SolutionItems) = preProject
		Performance1.psess = Performance1.psess
	EndProjectSection
EndProject
Global
	GlobalSection(SolutionConfigurationPlatforms) = preSolution
		Debug|Any CPU = Debug|Any CPU
		Release|Any CPU = Release|Any CPU
	EndGlobalSection
	GlobalSection(ProjectConfigurationPlatforms) = postSolution
		{0DBEF993-1B34-4D80-AB6A-F662604325DC}.Debug|Any CPU.ActiveCfg = Debug|Any CPU
		{0DBEF993-1B34-4D80-AB6A-F662604325DC}.Debug|Any CPU.Build.0 = Debug|Any CPU
		{0DBEF993-1B34-4D80-AB6A-F662604325DC}.Release|Any CPU.ActiveCfg = Release|Any CPU
		{0DBEF993-1B34-4D80-AB6A-F662604325DC}.Release|Any CPU.Build.0 = Release|Any CPU
		{845687BB-EC47-46D3-AC9D-6FCFB63DE8F5}.Debug|Any CPU.ActiveCfg = Debug|Any CPU
		{845687BB-EC47-46D3-AC9D-6FCFB63DE8F5}.Debug|Any CPU.Build.0 = Debug|Any CPU
		{845687BB-EC47-46D3-AC9D-6FCFB63DE8F5}.Release|Any CPU.ActiveCfg = Release|Any CPU
		{845687BB-EC47-46D3-AC9D-6FCFB63DE8F5}.Release|Any CPU.Build.0 = Release|Any CPU
		{E9F8076E-217A-4720-975E-75B7BE8446A9}.Debug|Any CPU.ActiveCfg = Debug|Any CPU
		{E9F8076E-217A-4720-975E-75B7BE8446A9}.Debug|Any CPU.Build.0 = Debug|Any CPU
		{E9F8076E-217A-4720-975E-75B7BE8446A9}.Release|Any CPU.ActiveCfg = Release|Any CPU
		{E9F8076E-217A-4720-975E-75B7BE8446A9}.Release|Any CPU.Build.0 = Release|Any CPU
		{5B43AD9D-8B67-4AA8-B76D-AA83CAF9D29F}.Debug|Any CPU.ActiveCfg = Debug|Any CPU
		{5B43AD9D-8B67-4AA8-B76D-AA83CAF9D29F}.Debug|Any CPU.Build.0 = Debug|Any CPU
		{5B43AD9D-8B67-4AA8-B76D-AA83CAF9D29F}.Release|Any CPU.ActiveCfg = Release|Any CPU
		{5B43AD9D-8B67-4AA8-B76D-AA83CAF9D29F}.Release|Any CPU.Build.0 = Release|Any CPU
		{D9B3F627-CB7A-454C-AF8F-70C8FB584553}.Debug|Any CPU.ActiveCfg = Debug|Any CPU
		{D9B3F627-CB7A-454C-AF8F-70C8FB584553}.Debug|Any CPU.Build.0 = Debug|Any CPU
		{D9B3F627-CB7A-454C-AF8F-70C8FB584553}.Release|Any CPU.ActiveCfg = Release|Any CPU
		{D9B3F627-CB7A-454C-AF8F-70C8FB584553}.Release|Any CPU.Build.0 = Release|Any CPU
		{E0A458B9-121F-486F-8F26-988A8D4DCD47}.Debug|Any CPU.ActiveCfg = Debug|Any CPU
		{E0A458B9-121F-486F-8F26-988A8D4DCD47}.Debug|Any CPU.Build.0 = Debug|Any CPU
		{E0A458B9-121F-486F-8F26-988A8D4DCD47}.Release|Any CPU.ActiveCfg = Release|Any CPU
		{E0A458B9-121F-486F-8F26-988A8D4DCD47}.Release|Any CPU.Build.0 = Release|Any CPU
		{E9C9606A-2281-4127-B25C-7449B979421B}.Debug|Any CPU.ActiveCfg = Debug|Any CPU
		{E9C9606A-2281-4127-B25C-7449B979421B}.Debug|Any CPU.Build.0 = Debug|Any CPU
		{E9C9606A-2281-4127-B25C-7449B979421B}.Release|Any CPU.ActiveCfg = Release|Any CPU
		{E9C9606A-2281-4127-B25C-7449B979421B}.Release|Any CPU.Build.0 = Release|Any CPU
		{09B979B4-36E9-408D-807E-30020A35E859}.Debug|Any CPU.ActiveCfg = Debug|Any CPU
		{09B979B4-36E9-408D-807E-30020A35E859}.Debug|Any CPU.Build.0 = Debug|Any CPU
		{09B979B4-36E9-408D-807E-30020A35E859}.Release|Any CPU.ActiveCfg = Release|Any CPU
		{09B979B4-36E9-408D-807E-30020A35E859}.Release|Any CPU.Build.0 = Release|Any CPU
		{70622816-5853-4470-9432-9ACDA2E96089}.Debug|Any CPU.ActiveCfg = Debug|Any CPU
		{70622816-5853-4470-9432-9ACDA2E96089}.Debug|Any CPU.Build.0 = Debug|Any CPU
		{70622816-5853-4470-9432-9ACDA2E96089}.Release|Any CPU.ActiveCfg = Release|Any CPU
		{70622816-5853-4470-9432-9ACDA2E96089}.Release|Any CPU.Build.0 = Release|Any CPU
		{47C6A5A1-35AB-40E5-995C-4F957691EC60}.Debug|Any CPU.ActiveCfg = Debug|Any CPU
		{47C6A5A1-35AB-40E5-995C-4F957691EC60}.Debug|Any CPU.Build.0 = Debug|Any CPU
		{47C6A5A1-35AB-40E5-995C-4F957691EC60}.Release|Any CPU.ActiveCfg = Release|Any CPU
		{47C6A5A1-35AB-40E5-995C-4F957691EC60}.Release|Any CPU.Build.0 = Release|Any CPU
		{C647E4FB-B5CF-43AC-9884-6ABF9F02E045}.Debug|Any CPU.ActiveCfg = Debug|Any CPU
		{C647E4FB-B5CF-43AC-9884-6ABF9F02E045}.Debug|Any CPU.Build.0 = Debug|Any CPU
		{C647E4FB-B5CF-43AC-9884-6ABF9F02E045}.Release|Any CPU.ActiveCfg = Release|Any CPU
		{C647E4FB-B5CF-43AC-9884-6ABF9F02E045}.Release|Any CPU.Build.0 = Release|Any CPU
		{99B0F266-EFF7-4416-8C36-8356396A11CA}.Debug|Any CPU.ActiveCfg = Debug|Any CPU
		{99B0F266-EFF7-4416-8C36-8356396A11CA}.Debug|Any CPU.Build.0 = Debug|Any CPU
		{99B0F266-EFF7-4416-8C36-8356396A11CA}.Release|Any CPU.ActiveCfg = Release|Any CPU
		{99B0F266-EFF7-4416-8C36-8356396A11CA}.Release|Any CPU.Build.0 = Release|Any CPU
		{5B2B2592-689A-4DE2-815C-259427A3D101}.Debug|Any CPU.ActiveCfg = Debug|Any CPU
		{5B2B2592-689A-4DE2-815C-259427A3D101}.Debug|Any CPU.Build.0 = Debug|Any CPU
		{5B2B2592-689A-4DE2-815C-259427A3D101}.Release|Any CPU.ActiveCfg = Release|Any CPU
		{5B2B2592-689A-4DE2-815C-259427A3D101}.Release|Any CPU.Build.0 = Release|Any CPU
		{9E86F77A-68B9-4D72-82D2-855878BA8CB1}.Debug|Any CPU.ActiveCfg = Debug|Any CPU
		{9E86F77A-68B9-4D72-82D2-855878BA8CB1}.Debug|Any CPU.Build.0 = Debug|Any CPU
		{9E86F77A-68B9-4D72-82D2-855878BA8CB1}.Release|Any CPU.ActiveCfg = Release|Any CPU
		{9E86F77A-68B9-4D72-82D2-855878BA8CB1}.Release|Any CPU.Build.0 = Release|Any CPU
	EndGlobalSection
	GlobalSection(SolutionProperties) = preSolution
		HideSolutionNode = FALSE
	EndGlobalSection
EndGlobal
